{
  "name": "as-4_frontend_nextjs",
  "version": "1.0.0",
  "lockfileVersion": 3,
  "requires": true,
  "packages": {
    "": {
      "name": "as-4_frontend_nextjs",
      "version": "1.0.0",
      "license": "ISC",
      "dependencies": {
        "@t3-oss/env-nextjs": "^0.13.10",
        "zod": "^4.3.6"
      }
    },
    "node_modules/@t3-oss/env-core": {
      "version": "0.13.10",
      "resolved": "https://registry.npmjs.org/@t3-oss/env-core/-/env-core-0.13.10.tgz",
      "integrity": "sha512-NNFfdlJ+HmPHkLi2HKy7nwuat9SIYOxei9K10lO2YlcSObDILY7mHZNSHsieIM3A0/5OOzw/P/b+yLvPdaG52g==",
      "license": "MIT",
      "peerDependencies": {
        "arktype": "^2.1.0",
        "typescript": ">=5.0.0",
        "valibot": "^1.0.0-beta.7 || ^1.0.0",
        "zod": "^3.24.0 || ^4.0.0"
      },
      "peerDependenciesMeta": {
        "arktype": {
          "optional": true
        },
        "typescript": {
          "optional": true
        },
        "valibot": {
          "optional": true
        },
        "zod": {
          "optional": true
        }
      }
    },
    "node_modules/@t3-oss/env-nextjs": {
      "version": "0.13.10",
      "resolved": "https://registry.npmjs.org/@t3-oss/env-nextjs/-/env-nextjs-0.13.10.tgz",
      "integrity": "sha512-JfSA2WXOnvcc/uMdp31paMsfbYhhdvLLRxlwvrnlPE9bwM/n0Z+Qb9xRv48nPpvfMhOrkrTYw1I5Yc06WIKBJQ==",
      "license": "MIT",
      "dependencies": {
        "@t3-oss/env-core": "0.13.10"
      },
      "peerDependencies": {
        "arktype": "^2.1.0",
        "typescript": ">=5.0.0",
        "valibot": "^1.0.0-beta.7 || ^1.0.0",
        "zod": "^3.24.0 || ^4.0.0"
      },
      "peerDependenciesMeta": {
        "arktype": {
          "optional": true
        },
        "typescript": {
          "optional": true
        },
        "valibot": {
          "optional": true
        },
        "zod": {
          "optional": true
        }
      }
    },
    "node_modules/zod": {
      "version": "4.3.6",
      "resolved": "https://registry.npmjs.org/zod/-/zod-4.3.6.tgz",
      "integrity": "sha512-rftlrkhHZOcjDwkGlnUtZZkvaPHCsDATp4pGpuOOMDaTdDDXF91wuVDJoWoPsKX/3YPQ5fHuF3STjcYyKr+Qhg==",
      "license": "MIT",
      "funding": {
        "url": "https://github.com/sponsors/colinhacks"
      }
    }
  }
}
